// !$*UTF8*$!
{
	archiveVersion = 1;
	classes = {
	};
	objectVersion = 46;
	objects = {

/* Begin PBXBuildFile section */
		2D5244771F3446B70097A845 /* AppDelegate.swift in Sources */ = {isa = PBXBuildFile; fileRef = 2D5244761F3446B70097A845 /* AppDelegate.swift */; };
		2D5244791F3446B70097A845 /* ViewController.swift in Sources */ = {isa = PBXBuildFile; fileRef = 2D5244781F3446B70097A845 /* ViewController.swift */; };
		2D52447C1F3446B70097A845 /* Main.storyboard in Resources */ = {isa = PBXBuildFile; fileRef = 2D52447A1F3446B70097A845 /* Main.storyboard */; };
		2D52447E1F3446B70097A845 /* Assets.xcassets in Resources */ = {isa = PBXBuildFile; fileRef = 2D52447D1F3446B70097A845 /* Assets.xcassets */; };
		2D5244811F3446B70097A845 /* LaunchScreen.storyboard in Resources */ = {isa = PBXBuildFile; fileRef = 2D52447F1F3446B70097A845 /* LaunchScreen.storyboard */; };
		2D52448C1F3446B70097A845 /* TwitterTests.swift in Sources */ = {isa = PBXBuildFile; fileRef = 2D52448B1F3446B70097A845 /* TwitterTests.swift */; };
		2D5244971F3446B70097A845 /* TwitterUITests.swift in Sources */ = {isa = PBXBuildFile; fileRef = 2D5244961F3446B70097A845 /* TwitterUITests.swift */; };
		51B472E99EC613D29470147F /* Pods_Twitter.framework in Frameworks */ = {isa = PBXBuildFile; fileRef = 452A84CB6F58C8C146287C30 /* Pods_Twitter.framework */; };
/* End PBXBuildFile section */

/* Begin PBXContainerItemProxy section */
		2D5244881F3446B70097A845 /* PBXContainerItemProxy */ = {
			isa = PBXContainerItemProxy;
			containerPortal = 2D52446B1F3446B70097A845 /* Project object */;
			proxyType = 1;
			remoteGlobalIDString = 2D5244721F3446B70097A845;
			remoteInfo = Twitter;
		};
		2D5244931F3446B70097A845 /* PBXContainerItemProxy */ = {
			isa = PBXContainerItemProxy;
			containerPortal = 2D52446B1F3446B70097A845 /* Project object */;
			proxyType = 1;
			remoteGlobalIDString = 2D5244721F3446B70097A845;
			remoteInfo = Twitter;
		};
/* End PBXContainerItemProxy section */

/* Begin PBXFileReference section */
		2D5244731F3446B70097A845 /* Twitter.app */ = {isa = PBXFileReference; explicitFileType = wrapper.application; includeInIndex = 0; path = Twitter.app; sourceTree = BUILT_PRODUCTS_DIR; };
		2D5244761F3446B70097A845 /* AppDelegate.swift */ = {isa = PBXFileReference; lastKnownFileType = sourcecode.swift; path = AppDelegate.swift; sourceTree = "<group>"; };
		2D5244781F3446B70097A845 /* ViewController.swift */ = {isa = PBXFileReference; lastKnownFileType = sourcecode.swift; path = ViewController.swift; sourceTree = "<group>"; };
		2D52447B1F3446B70097A845 /* Base */ = {isa = PBXFileReference; lastKnownFileType = file.storyboard; name = Base; path = Base.lproj/Main.storyboard; sourceTree = "<group>"; };
		2D52447D1F3446B70097A845 /* Assets.xcassets */ = {isa = PBXFileReference; lastKnownFileType = folder.assetcatalog; path = Assets.xcassets; sourceTree = "<group>"; };
		2D5244801F3446B70097A845 /* Base */ = {isa = PBXFileReference; lastKnownFileType = file.storyboard; name = Base; path = Base.lproj/LaunchScreen.storyboard; sourceTree = "<group>"; };
		2D5244821F3446B70097A845 /* Info.plist */ = {isa = PBXFileReference; lastKnownFileType = text.plist.xml; path = Info.plist; sourceTree = "<group>"; };
		2D5244871F3446B70097A845 /* TwitterTests.xctest */ = {isa = PBXFileReference; explicitFileType = wrapper.cfbundle; includeInIndex = 0; path = TwitterTests.xctest; sourceTree = BUILT_PRODUCTS_DIR; };
		2D52448B1F3446B70097A845 /* TwitterTests.swift */ = {isa = PBXFileReference; lastKnownFileType = sourcecode.swift; path = TwitterTests.swift; sourceTree = "<group>"; };
		2D52448D1F3446B70097A845 /* Info.plist */ = {isa = PBXFileReference; lastKnownFileType = text.plist.xml; path = Info.plist; sourceTree = "<group>"; };
		2D5244921F3446B70097A845 /* TwitterUITests.xctest */ = {isa = PBXFileReference; explicitFileType = wrapper.cfbundle; includeInIndex = 0; path = TwitterUITests.xctest; sourceTree = BUILT_PRODUCTS_DIR; };
		2D5244961F3446B70097A845 /* TwitterUITests.swift */ = {isa = PBXFileReference; lastKnownFileType = sourcecode.swift; path = TwitterUITests.swift; sourceTree = "<group>"; };
		2D5244981F3446B70097A845 /* Info.plist */ = {isa = PBXFileReference; lastKnownFileType = text.plist.xml; path = Info.plist; sourceTree = "<group>"; };
		452A84CB6F58C8C146287C30 /* Pods_Twitter.framework */ = {isa = PBXFileReference; explicitFileType = wrapper.framework; includeInIndex = 0; path = Pods_Twitter.framework; sourceTree = BUILT_PRODUCTS_DIR; };
		5F76F364D6950F2C70FBE2BE /* Pods-Twitter.release.xcconfig */ = {isa = PBXFileReference; includeInIndex = 1; lastKnownFileType = text.xcconfig; name = "Pods-Twitter.release.xcconfig"; path = "Pods/Target Support Files/Pods-Twitter/Pods-Twitter.release.xcconfig"; sourceTree = "<group>"; };
		D6225A722B8D30493779EDD3 /* Pods-Twitter.debug.xcconfig */ = {isa = PBXFileReference; includeInIndex = 1; lastKnownFileType = text.xcconfig; name = "Pods-Twitter.debug.xcconfig"; path = "Pods/Target Support Files/Pods-Twitter/Pods-Twitter.debug.xcconfig"; sourceTree = "<group>"; };
/* End PBXFileReference section */

/* Begin PBXFrameworksBuildPhase section */
		2D5244701F3446B70097A845 /* Frameworks */ = {
			isa = PBXFrameworksBuildPhase;
			buildActionMask = 2147483647;
			files = (
				51B472E99EC613D29470147F /* Pods_Twitter.framework in Frameworks */,
			);
			runOnlyForDeploymentPostprocessing = 0;
		};
		2D5244841F3446B70097A845 /* Frameworks */ = {
			isa = PBXFrameworksBuildPhase;
			buildActionMask = 2147483647;
			files = (
			);
			runOnlyForDeploymentPostprocessing = 0;
		};
		2D52448F1F3446B70097A845 /* Frameworks */ = {
			isa = PBXFrameworksBuildPhase;
			buildActionMask = 2147483647;
			files = (
			);
			runOnlyForDeploymentPostprocessing = 0;
		};
/* End PBXFrameworksBuildPhase section */

/* Begin PBXGroup section */
		2D52446A1F3446B70097A845 = {
			isa = PBXGroup;
			children = (
				2D5244751F3446B70097A845 /* Twitter */,
				2D52448A1F3446B70097A845 /* TwitterTests */,
				2D5244951F3446B70097A845 /* TwitterUITests */,
				2D5244741F3446B70097A845 /* Products */,
				7CC9D7FED08BC07ED79B325E /* Pods */,
				C874803B55FE69BD968DBE7B /* Frameworks */,
			);
			sourceTree = "<group>";
		};
		2D5244741F3446B70097A845 /* Products */ = {
			isa = PBXGroup;
			children = (
				2D5244731F3446B70097A845 /* Twitter.app */,
				2D5244871F3446B70097A845 /* TwitterTests.xctest */,
				2D5244921F3446B70097A845 /* TwitterUITests.xctest */,
			);
			name = Products;
			sourceTree = "<group>";
		};
		2D5244751F3446B70097A845 /* Twitter */ = {
			isa = PBXGroup;
			children = (
				2D5244761F3446B70097A845 /* AppDelegate.swift */,
				2D5244781F3446B70097A845 /* ViewController.swift */,
				2D52447A1F3446B70097A845 /* Main.storyboard */,
				2D52447D1F3446B70097A845 /* Assets.xcassets */,
				2D52447F1F3446B70097A845 /* LaunchScreen.storyboard */,
				2D5244821F3446B70097A845 /* Info.plist */,
			);
			path = Twitter;
			sourceTree = "<group>";
		};
		2D52448A1F3446B70097A845 /* TwitterTests */ = {
			isa = PBXGroup;
			children = (
				2D52448B1F3446B70097A845 /* TwitterTests.swift */,
				2D52448D1F3446B70097A845 /* Info.plist */,
			);
			path = TwitterTests;
			sourceTree = "<group>";
		};
		2D5244951F3446B70097A845 /* TwitterUITests */ = {
			isa = PBXGroup;
			children = (
				2D5244961F3446B70097A845 /* TwitterUITests.swift */,
				2D5244981F3446B70097A845 /* Info.plist */,
			);
			path = TwitterUITests;
			sourceTree = "<group>";
		};
		7CC9D7FED08BC07ED79B325E /* Pods */ = {
			isa = PBXGroup;
			children = (
				D6225A722B8D30493779EDD3 /* Pods-Twitter.debug.xcconfig */,
				5F76F364D6950F2C70FBE2BE /* Pods-Twitter.release.xcconfig */,
			);
			name = Pods;
			sourceTree = "<group>";
		};
		C874803B55FE69BD968DBE7B /* Frameworks */ = {
			isa = PBXGroup;
			children = (
				452A84CB6F58C8C146287C30 /* Pods_Twitter.framework */,
			);
			name = Frameworks;
			sourceTree = "<group>";
		};
/* End PBXGroup section */

/* Begin PBXNativeTarget section */
		2D5244721F3446B70097A845 /* Twitter */ = {
			isa = PBXNativeTarget;
			buildConfigurationList = 2D52449B1F3446B70097A845 /* Build configuration list for PBXNativeTarget "Twitter" */;
			buildPhases = (
				2C266020AD7195EC4E1EE17E /* [CP] Check Pods Manifest.lock */,
				2D52446F1F3446B70097A845 /* Sources */,
				2D5244701F3446B70097A845 /* Frameworks */,
				2D5244711F3446B70097A845 /* Resources */,
				F53D0E6475A968E7890BD672 /* [CP] Embed Pods Frameworks */,
				E8ABAB2127C63968AC84128A /* [CP] Copy Pods Resources */,
			);
			buildRules = (
			);
			dependencies = (
			);
			name = Twitter;
			productName = Twitter;
			productReference = 2D5244731F3446B70097A845 /* Twitter.app */;
			productType = "com.apple.product-type.application";
		};
		2D5244861F3446B70097A845 /* TwitterTests */ = {
			isa = PBXNativeTarget;
			buildConfigurationList = 2D52449E1F3446B70097A845 /* Build configuration list for PBXNativeTarget "TwitterTests" */;
			buildPhases = (
				2D5244831F3446B70097A845 /* Sources */,
				2D5244841F3446B70097A845 /* Frameworks */,
				2D5244851F3446B70097A845 /* Resources */,
			);
			buildRules = (
			);
			dependencies = (
				2D5244891F3446B70097A845 /* PBXTargetDependency */,
			);
			name = TwitterTests;
			productName = TwitterTests;
			productReference = 2D5244871F3446B70097A845 /* TwitterTests.xctest */;
			productType = "com.apple.product-type.bundle.unit-test";
		};
		2D5244911F3446B70097A845 /* TwitterUITests */ = {
			isa = PBXNativeTarget;
			buildConfigurationList = 2D5244A11F3446B70097A845 /* Build configuration list for PBXNativeTarget "TwitterUITests" */;
			buildPhases = (
				2D52448E1F3446B70097A845 /* Sources */,
				2D52448F1F3446B70097A845 /* Frameworks */,
				2D5244901F3446B70097A845 /* Resources */,
			);
			buildRules = (
			);
			dependencies = (
				2D5244941F3446B70097A845 /* PBXTargetDependency */,
			);
			name = TwitterUITests;
			productName = TwitterUITests;
			productReference = 2D5244921F3446B70097A845 /* TwitterUITests.xctest */;
			productType = "com.apple.product-type.bundle.ui-testing";
		};
/* End PBXNativeTarget section */

/* Begin PBXProject section */
		2D52446B1F3446B70097A845 /* Project object */ = {
			isa = PBXProject;
			attributes = {
				LastSwiftUpdateCheck = 0820;
				LastUpgradeCheck = 0820;
				ORGANIZATIONNAME = yogoken;
				TargetAttributes = {
					2D5244721F3446B70097A845 = {
						CreatedOnToolsVersion = 8.2;
						ProvisioningStyle = Automatic;
					};
					2D5244861F3446B70097A845 = {
						CreatedOnToolsVersion = 8.2;
						ProvisioningStyle = Automatic;
						TestTargetID = 2D5244721F3446B70097A845;
					};
					2D5244911F3446B70097A845 = {
						CreatedOnToolsVersion = 8.2;
						ProvisioningStyle = Automatic;
						TestTargetID = 2D5244721F3446B70097A845;
					};
				};
			};
			buildConfigurationList = 2D52446E1F3446B70097A845 /* Build configuration list for PBXProject "Twitter" */;
			compatibilityVersion = "Xcode 3.2";
			developmentRegion = English;
			hasScannedForEncodings = 0;
			knownRegions = (
				en,
				Base,
			);
			mainGroup = 2D52446A1F3446B70097A845;
			productRefGroup = 2D5244741F3446B70097A845 /* Products */;
			projectDirPath = "";
			projectRoot = "";
			targets = (
				2D5244721F3446B70097A845 /* Twitter */,
				2D5244861F3446B70097A845 /* TwitterTests */,
				2D5244911F3446B70097A845 /* TwitterUITests */,
			);
		};
/* End PBXProject section */

/* Begin PBXResourcesBuildPhase section */
		2D5244711F3446B70097A845 /* Resources */ = {
			isa = PBXResourcesBuildPhase;
			buildActionMask = 2147483647;
			files = (
				2D5244811F3446B70097A845 /* LaunchScreen.storyboard in Resources */,
				2D52447E1F3446B70097A845 /* Assets.xcassets in Resources */,
				2D52447C1F3446B70097A845 /* Main.storyboard in Resources */,
			);
			runOnlyForDeploymentPostprocessing = 0;
		};
		2D5244851F3446B70097A845 /* Resources */ = {
			isa = PBXResourcesBuildPhase;
			buildActionMask = 2147483647;
			files = (
			);
			runOnlyForDeploymentPostprocessing = 0;
		};
		2D5244901F3446B70097A845 /* Resources */ = {
			isa = PBXResourcesBuildPhase;
			buildActionMask = 2147483647;
			files = (
			);
			runOnlyForDeploymentPostprocessing = 0;
		};
/* End PBXResourcesBuildPhase section */

/* Begin PBXShellScriptBuildPhase section */
		2C266020AD7195EC4E1EE17E /* [CP] Check Pods Manifest.lock */ = {
			isa = PBXShellScriptBuildPhase;
			buildActionMask = 2147483647;
			files = (
			);
			inputPaths = (
				"${PODS_PODFILE_DIR_PATH}/Podfile.lock",
				"${PODS_ROOT}/Manifest.lock",
			);
			name = "[CP] Check Pods Manifest.lock";
			outputPaths = (
				"$(DERIVED_FILE_DIR)/Pods-Twitter-checkManifestLockResult.txt",
			);
			runOnlyForDeploymentPostprocessing = 0;
			shellPath = /bin/sh;
			shellScript = "diff \"${PODS_PODFILE_DIR_PATH}/Podfile.lock\" \"${PODS_ROOT}/Manifest.lock\" > /dev/null\nif [ $? != 0 ] ; then\n    # print error to STDERR\n    echo \"error: The sandbox is not in sync with the Podfile.lock. Run 'pod install' or update your CocoaPods installation.\" >&2\n    exit 1\nfi\n# This output is used by Xcode 'outputs' to avoid re-running this script phase.\necho \"SUCCESS\" > \"${SCRIPT_OUTPUT_FILE_0}\"\n";
			showEnvVarsInLog = 0;
		};
		E8ABAB2127C63968AC84128A /* [CP] Copy Pods Resources */ = {
			isa = PBXShellScriptBuildPhase;
			buildActionMask = 2147483647;
			files = (
			);
			inputPaths = (
			);
			name = "[CP] Copy Pods Resources";
			outputPaths = (
			);
			runOnlyForDeploymentPostprocessing = 0;
			shellPath = /bin/sh;
			shellScript = "\"${SRCROOT}/Pods/Target Support Files/Pods-Twitter/Pods-Twitter-resources.sh\"\n";
			showEnvVarsInLog = 0;
		};
		F53D0E6475A968E7890BD672 /* [CP] Embed Pods Frameworks */ = {
			isa = PBXShellScriptBuildPhase;
			buildActionMask = 2147483647;
			files = (
			);
			inputPaths = (
				"${SRCROOT}/Pods/Target Support Files/Pods-Twitter/Pods-Twitter-frameworks.sh",
				"${BUILT_PRODUCTS_DIR}/NCMB/NCMB.framework",
			);
			name = "[CP] Embed Pods Frameworks";
			outputPaths = (
				"${TARGET_BUILD_DIR}/${FRAMEWORKS_FOLDER_PATH}/NCMB.framework",
			);
			runOnlyForDeploymentPostprocessing = 0;
			shellPath = /bin/sh;
			shellScript = "\"${SRCROOT}/Pods/Target Support Files/Pods-Twitter/Pods-Twitter-frameworks.sh\"\n";
			showEnvVarsInLog = 0;
		};
/* End PBXShellScriptBuildPhase section */

/* Begin PBXSourcesBuildPhase section */
		2D52446F1F3446B70097A845 /* Sources */ = {
			isa = PBXSourcesBuildPhase;
			buildActionMask = 2147483647;
			files = (
				2D5244791F3446B70097A845 /* ViewController.swift in Sources */,
				2D5244771F3446B70097A845 /* AppDelegate.swift in Sources */,
			);
			runOnlyForDeploymentPostprocessing = 0;
		};
		2D5244831F3446B70097A845 /* Sources */ = {
			isa = PBXSourcesBuildPhase;
			buildActionMask = 2147483647;
			files = (
				2D52448C1F3446B70097A845 /* TwitterTests.swift in Sources */,
			);
			runOnlyForDeploymentPostprocessing = 0;
		};
		2D52448E1F3446B70097A845 /* Sources */ = {
			isa = PBXSourcesBuildPhase;
			buildActionMask = 2147483647;
			files = (
				2D5244971F3446B70097A845 /* TwitterUITests.swift in Sources */,
			);
			runOnlyForDeploymentPostprocessing = 0;
		};
/* End PBXSourcesBuildPhase section */

/* Begin PBXTargetDependency section */
		2D5244891F3446B70097A845 /* PBXTargetDependency */ = {
			isa = PBXTargetDependency;
			target = 2D5244721F3446B70097A845 /* Twitter */;
			targetProxy = 2D5244881F3446B70097A845 /* PBXContainerItemProxy */;
		};
		2D5244941F3446B70097A845 /* PBXTargetDependency */ = {
			isa = PBXTargetDependency;
			target = 2D5244721F3446B70097A845 /* Twitter */;
			targetProxy = 2D5244931F3446B70097A845 /* PBXContainerItemProxy */;
		};
/* End PBXTargetDependency section */

/* Begin PBXVariantGroup section */
		2D52447A1F3446B70097A845 /* Main.storyboard */ = {
			isa = PBXVariantGroup;
			children = (
				2D52447B1F3446B70097A845 /* Base */,
			);
			name = Main.storyboard;
			sourceTree = "<group>";
		};
		2D52447F1F3446B70097A845 /* LaunchScreen.storyboard */ = {
			isa = PBXVariantGroup;
			children = (
				2D5244801F3446B70097A845 /* Base */,
			);
			name = LaunchScreen.storyboard;
			sourceTree = "<group>";
		};
/* End PBXVariantGroup section */

/* Begin XCBuildConfiguration section */
		2D5244991F3446B70097A845 /* Debug */ = {
			isa = XCBuildConfiguration;
			buildSettings = {
				ALWAYS_SEARCH_USER_PATHS = NO;
				CLANG_ANALYZER_NONNULL = YES;
				CLANG_CXX_LANGUAGE_STANDARD = "gnu++0x";
				CLANG_CXX_LIBRARY = "libc++";
				CLANG_ENABLE_MODULES = YES;
				CLANG_ENABLE_OBJC_ARC = YES;
				CLANG_WARN_BOOL_CONVERSION = YES;
				CLANG_WARN_CONSTANT_CONVERSION = YES;
				CLANG_WARN_DIRECT_OBJC_ISA_USAGE = YES_ERROR;
				CLANG_WARN_DOCUMENTATION_COMMENTS = YES;
				CLANG_WARN_EMPTY_BODY = YES;
				CLANG_WARN_ENUM_CONVERSION = YES;
				CLANG_WARN_INFINITE_RECURSION = YES;
				CLANG_WARN_INT_CONVERSION = YES;
				CLANG_WARN_OBJC_ROOT_CLASS = YES_ERROR;
				CLANG_WARN_SUSPICIOUS_MOVE = YES;
				CLANG_WARN_UNREACHABLE_CODE = YES;
				CLANG_WARN__DUPLICATE_METHOD_MATCH = YES;
				"CODE_SIGN_IDENTITY[sdk=iphoneos*]" = "iPhone Developer";
				COPY_PHASE_STRIP = NO;
				DEBUG_INFORMATION_FORMAT = dwarf;
				ENABLE_STRICT_OBJC_MSGSEND = YES;
				ENABLE_TESTABILITY = YES;
				GCC_C_LANGUAGE_STANDARD = gnu99;
				GCC_DYNAMIC_NO_PIC = NO;
				GCC_NO_COMMON_BLOCKS = YES;
				GCC_OPTIMIZATION_LEVEL = 0;
				GCC_PREPROCESSOR_DEFINITIONS = (
					"DEBUG=1",
					"$(inherited)",
				);
				GCC_WARN_64_TO_32_BIT_CONVERSION = YES;
				GCC_WARN_ABOUT_RETURN_TYPE = YES_ERROR;
				GCC_WARN_UNDECLARED_SELECTOR = YES;
				GCC_WARN_UNINITIALIZED_AUTOS = YES_AGGRESSIVE;
				GCC_WARN_UNUSED_FUNCTION = YES;
				GCC_WARN_UNUSED_VARIABLE = YES;
				IPHONEOS_DEPLOYMENT_TARGET = 10.2;
				MTL_ENABLE_DEBUG_INFO = YES;
				ONLY_ACTIVE_ARCH = YES;
				SDKROOT = iphoneos;
				SWIFT_ACTIVE_COMPILATION_CONDITIONS = DEBUG;
				SWIFT_OPTIMIZATION_LEVEL = "-Onone";
			};
			name = Debug;
		};
		2D52449A1F3446B70097A845 /* Release */ = {
			isa = XCBuildConfiguration;
			buildSettings = {
				ALWAYS_SEARCH_USER_PATHS = NO;
				CLANG_ANALYZER_NONNULL = YES;
				CLANG_CXX_LANGUAGE_STANDARD = "gnu++0x";
				CLANG_CXX_LIBRARY = "libc++";
				CLANG_ENABLE_MODULES = YES;
				CLANG_ENABLE_OBJC_ARC = YES;
				CLANG_WARN_BOOL_CONVERSION = YES;
				CLANG_WARN_CONSTANT_CONVERSION = YES;
				CLANG_WARN_DIRECT_OBJC_ISA_USAGE = YES_ERROR;
				CLANG_WARN_DOCUMENTATION_COMMENTS = YES;
				CLANG_WARN_EMPTY_BODY = YES;
				CLANG_WARN_ENUM_CONVERSION = YES;
				CLANG_WARN_INFINITE_RECURSION = YES;
				CLANG_WARN_INT_CONVERSION = YES;
				CLANG_WARN_OBJC_ROOT_CLASS = YES_ERROR;
				CLANG_WARN_SUSPICIOUS_MOVE = YES;
				CLANG_WARN_UNREACHABLE_CODE = YES;
				CLANG_WARN__DUPLICATE_METHOD_MATCH = YES;
				"CODE_SIGN_IDENTITY[sdk=iphoneos*]" = "iPhone Developer";
				COPY_PHASE_STRIP = NO;
				DEBUG_INFORMATION_FORMAT = "dwarf-with-dsym";
				ENABLE_NS_ASSERTIONS = NO;
				ENABLE_STRICT_OBJC_MSGSEND = YES;
				GCC_C_LANGUAGE_STANDARD = gnu99;
				GCC_NO_COMMON_BLOCKS = YES;
				GCC_WARN_64_TO_32_BIT_CONVERSION = YES;
				GCC_WARN_ABOUT_RETURN_TYPE = YES_ERROR;
				GCC_WARN_UNDECLARED_SELECTOR = YES;
				GCC_WARN_UNINITIALIZED_AUTOS = YES_AGGRESSIVE;
				GCC_WARN_UNUSED_FUNCTION = YES;
				GCC_WARN_UNUSED_VARIABLE = YES;
				IPHONEOS_DEPLOYMENT_TARGET = 10.2;
				MTL_ENABLE_DEBUG_INFO = NO;
				SDKROOT = iphoneos;
				SWIFT_OPTIMIZATION_LEVEL = "-Owholemodule";
				VALIDATE_PRODUCT = YES;
			};
			name = Release;
		};
		2D52449C1F3446B70097A845 /* Debug */ = {
			isa = XCBuildConfiguration;
			baseConfigurationReference = D6225A722B8D30493779EDD3 /* Pods-Twitter.debug.xcconfig */;
			buildSettings = {
				ASSETCATALOG_COMPILER_APPICON_NAME = AppIcon;
				INFOPLIST_FILE = Twitter/Info.plist;
				LD_RUNPATH_SEARCH_PATHS = "$(inherited) @executable_path/Frameworks";
				PRODUCT_BUNDLE_IDENTIFIER = com.yogoken.Twitter;
				PRODUCT_NAME = "$(TARGET_NAME)";
				SWIFT_VERSION = 3.0;
			};
			name = Debug;
		};
		2D52449D1F3446B70097A845 /* Release */ = {
			isa = XCBuildConfiguration;
			baseConfigurationReference = 5F76F364D6950F2C70FBE2BE /* Pods-Twitter.release.xcconfig */;
			buildSettings = {
				ASSETCATALOG_COMPILER_APPICON_NAME = AppIcon;
				INFOPLIST_FILE = Twitter/Info.plist;
				LD_RUNPATH_SEARCH_PATHS = "$(inherited) @executable_path/Frameworks";
				PRODUCT_BUNDLE_IDENTIFIER = com.yogoken.Twitter;
				PRODUCT_NAME = "$(TARGET_NAME)";
				SWIFT_VERSION = 3.0;
			};
			name = Release;
		};
		2D52449F1F3446B70097A845 /* Debug */ = {
			isa = XCBuildConfiguration;
			buildSettings = {
				ALWAYS_EMBED_SWIFT_STANDARD_LIBRARIES = YES;
				BUNDLE_LOADER = "$(TEST_HOST)";
				INFOPLIST_FILE = TwitterTests/Info.plist;
				LD_RUNPATH_SEARCH_PATHS = "$(inherited) @executable_path/Frameworks @loader_path/Frameworks";
				PRODUCT_BUNDLE_IDENTIFIER = com.yogoken.TwitterTests;
				PRODUCT_NAME = "$(TARGET_NAME)";
				SWIFT_VERSION = 3.0;
				TEST_HOST = "$(BUILT_PRODUCTS_DIR)/Twitter.app/Twitter";
			};
			name = Debug;
		};
		2D5244A01F3446B70097A845 /* Release */ = {
			isa = XCBuildConfiguration;
			buildSettings = {
				ALWAYS_EMBED_SWIFT_STANDARD_LIBRARIES = YES;
				BUNDLE_LOADER = "$(TEST_HOST)";
				INFOPLIST_FILE = TwitterTests/Info.plist;
				LD_RUNPATH_SEARCH_PATHS = "$(inherited) @executable_path/Frameworks @loader_path/Frameworks";
				PRODUCT_BUNDLE_IDENTIFIER = com.yogoken.TwitterTests;
				PRODUCT_NAME = "$(TARGET_NAME)";
				SWIFT_VERSION = 3.0;
				TEST_HOST = "$(BUILT_PRODUCTS_DIR)/Twitter.app/Twitter";
			};
			name = Release;
		};
		2D5244A21F3446B70097A845 /* Debug */ = {
			isa = XCBuildConfiguration;
			buildSettings = {
				ALWAYS_EMBED_SWIFT_STANDARD_LIBRARIES = YES;
				INFOPLIST_FILE = TwitterUITests/Info.plist;
				LD_RUNPATH_SEARCH_PATHS = "$(inherited) @executable_path/Frameworks @loader_path/Frameworks";
				PRODUCT_BUNDLE_IDENTIFIER = com.yogoken.TwitterUITests;
				PRODUCT_NAME = "$(TARGET_NAME)";
				SWIFT_VERSION = 3.0;
				TEST_TARGET_NAME = Twitter;
			};
			name = Debug;
		};
		2D5244A31F3446B70097A845 /* Release */ = {
			isa = XCBuildConfiguration;
			buildSettings = {
				ALWAYS_EMBED_SWIFT_STANDARD_LIBRARIES = YES;
				INFOPLIST_FILE = TwitterUITests/Info.plist;
				LD_RUNPATH_SEARCH_PATHS = "$(inherited) @executable_path/Frameworks @loader_path/Frameworks";
				PRODUCT_BUNDLE_IDENTIFIER = com.yogoken.TwitterUITests;
				PRODUCT_NAME = "$(TARGET_NAME)";
				SWIFT_VERSION = 3.0;
				TEST_TARGET_NAME = Twitter;
			};
			name = Release;
		};
/* End XCBuildConfiguration section */

/* Begin XCConfigurationList section */
		2D52446E1F3446B70097A845 /* Build configuration list for PBXProject "Twitter" */ = {
			isa = XCConfigurationList;
			buildConfigurations = (
				2D5244991F3446B70097A845 /* Debug */,
				2D52449A1F3446B70097A845 /* Release */,
			);
			defaultConfigurationIsVisible = 0;
			defaultConfigurationName = Release;
		};
		2D52449B1F3446B70097A845 /* Build configuration list for PBXNativeTarget "Twitter" */ = {
			isa = XCConfigurationList;
			buildConfigurations = (
				2D52449C1F3446B70097A845 /* Debug */,
				2D52449D1F3446B70097A845 /* Release */,
			);
			defaultConfigurationIsVisible = 0;
		};
		2D52449E1F3446B70097A845 /* Build configuration list for PBXNativeTarget "TwitterTests" */ = {
			isa = XCConfigurationList;
			buildConfigurations = (
				2D52449F1F3446B70097A845 /* Debug */,
				2D5244A01F3446B70097A845 /* Release */,
			);
			defaultConfigurationIsVisible = 0;
		};
		2D5244A11F3446B70097A845 /* Build configuration list for PBXNativeTarget "TwitterUITests" */ = {
			isa = XCConfigurationList;
			buildConfigurations = (
				2D5244A21F3446B70097A845 /* Debug */,
				2D5244A31F3446B70097A845 /* Release */,
			);
			defaultConfigurationIsVisible = 0;
		};
/* End XCConfigurationList section */
	};
	rootObject = 2D52446B1F3446B70097A845 /* Project object */;
}
